
Microsoft Visual Studio Solution File, Format Version 12.00
# Visual Studio Version 17
VisualStudioVersion = 17.9.34622.214
MinimumVisualStudioVersion = 10.0.40219.1
Project("{9A19103F-16F7-4668-BE54-9A1E7A4F7556}") = "Valuator", "Valuator.csproj", "{3B6518DF-E500-4400-96A8-81C166BCDCED}"
EndProject
Project("{FAE04EC0-301F-11D3-BF4B-00C04F79EFBC}") = "RankCalculator", "..\RankCalculator\RankCalculator.csproj", "{0C537613-9068-4DC8-B190-687637323C8A}"
EndProject
Global
	GlobalSection(SolutionConfigurationPlatforms) = preSolution
		Debug|Any CPU = Debug|Any CPU
		Release|Any CPU = Release|Any CPU
	EndGlobalSection
	GlobalSection(ProjectConfigurationPlatforms) = postSolution
		{3B6518DF-E500-4400-96A8-81C166BCDCED}.Debug|Any CPU.ActiveCfg = Debug|Any CPU
		{3B6518DF-E500-4400-96A8-81C166BCDCED}.Debug|Any CPU.Build.0 = Debug|Any CPU
		{3B6518DF-E500-4400-96A8-81C166BCDCED}.Release|Any CPU.ActiveCfg = Release|Any CPU
		{3B6518DF-E500-4400-96A8-81C166BCDCED}.Release|Any CPU.Build.0 = Release|Any CPU
		{0C537613-9068-4DC8-B190-687637323C8A}.Debug|Any CPU.ActiveCfg = Debug|Any CPU
		{0C537613-9068-4DC8-B190-687637323C8A}.Debug|Any CPU.Build.0 = Debug|Any CPU
		{0C537613-9068-4DC8-B190-687637323C8A}.Release|Any CPU.ActiveCfg = Release|Any CPU
		{0C537613-9068-4DC8-B190-687637323C8A}.Release|Any CPU.Build.0 = Release|Any CPU
	EndGlobalSection
	GlobalSection(SolutionProperties) = preSolution
		HideSolutionNode = FALSE
	EndGlobalSection
	GlobalSection(ExtensibilityGlobals) = postSolution
		SolutionGuid = {65382F55-0A38-479A-8D14-BD2BF03453BB}
	EndGlobalSection
EndGlobal
